// !$*UTF8*$!
{
	archiveVersion = 1;
	classes = {
	};
	objectVersion = 46;
	objects = {

/* Begin PBXBuildFile section */
		FFCA4FF7180986EA00973819 /* Cocoa.framework in Frameworks */ = {isa = PBXBuildFile; fileRef = FFCA4FF6180986EA00973819 /* Cocoa.framework */; };
		FFCA4FF9180986EA00973819 /* AppleScriptObjC.framework in Frameworks */ = {isa = PBXBuildFile; fileRef = FFCA4FF8180986EA00973819 /* AppleScriptObjC.framework */; };
		FFCA5003180986EA00973819 /* InfoPlist.strings in Resources */ = {isa = PBXBuildFile; fileRef = FFCA5001180986EA00973819 /* InfoPlist.strings */; };
		FFCA5005180986EA00973819 /* main.m in Sources */ = {isa = PBXBuildFile; fileRef = FFCA5004180986EA00973819 /* main.m */; };
		FFCA5009180986EA00973819 /* Credits.rtf in Resources */ = {isa = PBXBuildFile; fileRef = FFCA5007180986EA00973819 /* Credits.rtf */; };
		FFCA500B180986EA00973819 /* susAppDelegate.applescript in Sources */ = {isa = PBXBuildFile; fileRef = FFCA500A180986EA00973819 /* susAppDelegate.applescript */; };
		FFCA500E180986EA00973819 /* MainMenu.xib in Resources */ = {isa = PBXBuildFile; fileRef = FFCA500C180986EA00973819 /* MainMenu.xib */; };
		FFCA5010180986EA00973819 /* Images.xcassets in Resources */ = {isa = PBXBuildFile; fileRef = FFCA500F180986EA00973819 /* Images.xcassets */; };
/* End PBXBuildFile section */

/* Begin PBXFileReference section */
		FFCA4FF3180986EA00973819 /* SUS Config.app */ = {isa = PBXFileReference; explicitFileType = wrapper.application; includeInIndex = 0; path = "SUS Config.app"; sourceTree = BUILT_PRODUCTS_DIR; };
		FFCA4FF6180986EA00973819 /* Cocoa.framework */ = {isa = PBXFileReference; lastKnownFileType = wrapper.framework; name = Cocoa.framework; path = System/Library/Frameworks/Cocoa.framework; sourceTree = SDKROOT; };
		FFCA4FF8180986EA00973819 /* AppleScriptObjC.framework */ = {isa = PBXFileReference; lastKnownFileType = wrapper.framework; name = AppleScriptObjC.framework; path = System/Library/Frameworks/AppleScriptObjC.framework; sourceTree = SDKROOT; };
		FFCA4FFB180986EA00973819 /* AppKit.framework */ = {isa = PBXFileReference; lastKnownFileType = wrapper.framework; name = AppKit.framework; path = System/Library/Frameworks/AppKit.framework; sourceTree = SDKROOT; };
		FFCA4FFC180986EA00973819 /* CoreData.framework */ = {isa = PBXFileReference; lastKnownFileType = wrapper.framework; name = CoreData.framework; path = System/Library/Frameworks/CoreData.framework; sourceTree = SDKROOT; };
		FFCA4FFD180986EA00973819 /* Foundation.framework */ = {isa = PBXFileReference; lastKnownFileType = wrapper.framework; name = Foundation.framework; path = System/Library/Frameworks/Foundation.framework; sourceTree = SDKROOT; };
		FFCA5000180986EA00973819 /* SUS Config-Info.plist */ = {isa = PBXFileReference; lastKnownFileType = text.plist.xml; path = "SUS Config-Info.plist"; sourceTree = "<group>"; };
		FFCA5002180986EA00973819 /* en */ = {isa = PBXFileReference; lastKnownFileType = text.plist.strings; name = en; path = en.lproj/InfoPlist.strings; sourceTree = "<group>"; };
		FFCA5004180986EA00973819 /* main.m */ = {isa = PBXFileReference; lastKnownFileType = sourcecode.c.objc; path = main.m; sourceTree = "<group>"; };
		FFCA5006180986EA00973819 /* SUS Config-Prefix.pch */ = {isa = PBXFileReference; lastKnownFileType = sourcecode.c.h; path = "SUS Config-Prefix.pch"; sourceTree = "<group>"; };
		FFCA5008180986EA00973819 /* en */ = {isa = PBXFileReference; lastKnownFileType = text.rtf; name = en; path = en.lproj/Credits.rtf; sourceTree = "<group>"; };
		FFCA500A180986EA00973819 /* susAppDelegate.applescript */ = {isa = PBXFileReference; lastKnownFileType = sourcecode.applescript; path = susAppDelegate.applescript; sourceTree = "<group>"; };
		FFCA500D180986EA00973819 /* Base */ = {isa = PBXFileReference; lastKnownFileType = file.xib; name = Base; path = Base.lproj/MainMenu.xib; sourceTree = "<group>"; };
		FFCA500F180986EA00973819 /* Images.xcassets */ = {isa = PBXFileReference; lastKnownFileType = folder.assetcatalog; path = Images.xcassets; sourceTree = "<group>"; };
/* End PBXFileReference section */

/* Begin PBXFrameworksBuildPhase section */
		FFCA4FF0180986EA00973819 /* Frameworks */ = {
			isa = PBXFrameworksBuildPhase;
			buildActionMask = 2147483647;
			files = (
				FFCA4FF9180986EA00973819 /* AppleScriptObjC.framework in Frameworks */,
				FFCA4FF7180986EA00973819 /* Cocoa.framework in Frameworks */,
			);
			runOnlyForDeploymentPostprocessing = 0;
		};
/* End PBXFrameworksBuildPhase section */

/* Begin PBXGroup section */
		FFCA4FEA180986EA00973819 = {
			isa = PBXGroup;
			children = (
				FFCA4FFE180986EA00973819 /* SUS Config */,
				FFCA4FF5180986EA00973819 /* Frameworks */,
				FFCA4FF4180986EA00973819 /* Products */,
			);
			sourceTree = "<group>";
		};
		FFCA4FF4180986EA00973819 /* Products */ = {
			isa = PBXGroup;
			children = (
				FFCA4FF3180986EA00973819 /* SUS Config.app */,
			);
			name = Products;
			sourceTree = "<group>";
		};
		FFCA4FF5180986EA00973819 /* Frameworks */ = {
			isa = PBXGroup;
			children = (
				FFCA4FF6180986EA00973819 /* Cocoa.framework */,
				FFCA4FF8180986EA00973819 /* AppleScriptObjC.framework */,
				FFCA4FFA180986EA00973819 /* Other Frameworks */,
			);
			name = Frameworks;
			sourceTree = "<group>";
		};
		FFCA4FFA180986EA00973819 /* Other Frameworks */ = {
			isa = PBXGroup;
			children = (
				FFCA4FFB180986EA00973819 /* AppKit.framework */,
				FFCA4FFC180986EA00973819 /* CoreData.framework */,
				FFCA4FFD180986EA00973819 /* Foundation.framework */,
			);
			name = "Other Frameworks";
			sourceTree = "<group>";
		};
		FFCA4FFE180986EA00973819 /* SUS Config */ = {
			isa = PBXGroup;
			children = (
				FFCA500A180986EA00973819 /* susAppDelegate.applescript */,
				FFCA500C180986EA00973819 /* MainMenu.xib */,
				FFCA500F180986EA00973819 /* Images.xcassets */,
				FFCA4FFF180986EA00973819 /* Supporting Files */,
			);
			path = "SUS Config";
			sourceTree = "<group>";
		};
		FFCA4FFF180986EA00973819 /* Supporting Files */ = {
			isa = PBXGroup;
			children = (
				FFCA5000180986EA00973819 /* SUS Config-Info.plist */,
				FFCA5001180986EA00973819 /* InfoPlist.strings */,
				FFCA5004180986EA00973819 /* main.m */,
				FFCA5006180986EA00973819 /* SUS Config-Prefix.pch */,
				FFCA5007180986EA00973819 /* Credits.rtf */,
			);
			name = "Supporting Files";
			sourceTree = "<group>";
		};
/* End PBXGroup section */

/* Begin PBXNativeTarget section */
		FFCA4FF2180986EA00973819 /* SUS Config */ = {
			isa = PBXNativeTarget;
			buildConfigurationList = FFCA5013180986EA00973819 /* Build configuration list for PBXNativeTarget "SUS Config" */;
			buildPhases = (
				FFCA4FEF180986EA00973819 /* Sources */,
				FFCA4FF0180986EA00973819 /* Frameworks */,
				FFCA4FF1180986EA00973819 /* Resources */,
			);
			buildRules = (
			);
			dependencies = (
			);
			name = "SUS Config";
			productName = "SUS Config";
			productReference = FFCA4FF3180986EA00973819 /* SUS Config.app */;
			productType = "com.apple.product-type.application";
		};
/* End PBXNativeTarget section */

/* Begin PBXProject section */
		FFCA4FEB180986EA00973819 /* Project object */ = {
			isa = PBXProject;
			attributes = {
				CLASSPREFIX = sus;
				LastUpgradeCheck = 0720;
				ORGANIZATIONNAME = Verschoren;
				TargetAttributes = {
					FFCA4FF2180986EA00973819 = {
						DevelopmentTeam = JWE5WW6J4L;
					};
				};
			};
			buildConfigurationList = FFCA4FEE180986EA00973819 /* Build configuration list for PBXProject "SUS Config" */;
			compatibilityVersion = "Xcode 3.2";
			developmentRegion = English;
			hasScannedForEncodings = 0;
			knownRegions = (
				en,
				Base,
			);
			mainGroup = FFCA4FEA180986EA00973819;
			productRefGroup = FFCA4FF4180986EA00973819 /* Products */;
			projectDirPath = "";
			projectRoot = "";
			targets = (
				FFCA4FF2180986EA00973819 /* SUS Config */,
			);
		};
/* End PBXProject section */

/* Begin PBXResourcesBuildPhase section */
		FFCA4FF1180986EA00973819 /* Resources */ = {
			isa = PBXResourcesBuildPhase;
			buildActionMask = 2147483647;
			files = (
				FFCA5003180986EA00973819 /* InfoPlist.strings in Resources */,
				FFCA5010180986EA00973819 /* Images.xcassets in Resources */,
				FFCA5009180986EA00973819 /* Credits.rtf in Resources */,
				FFCA500E180986EA00973819 /* MainMenu.xib in Resources */,
			);
			runOnlyForDeploymentPostprocessing = 0;
		};
/* End PBXResourcesBuildPhase section */

/* Begin PBXSourcesBuildPhase section */
		FFCA4FEF180986EA00973819 /* Sources */ = {
			isa = PBXSourcesBuildPhase;
			buildActionMask = 2147483647;
			files = (
				FFCA500B180986EA00973819 /* susAppDelegate.applescript in Sources */,
				FFCA5005180986EA00973819 /* main.m in Sources */,
			);
			runOnlyForDeploymentPostprocessing = 0;
		};
/* End PBXSourcesBuildPhase section */

/* Begin PBXVariantGroup section */
		FFCA5001180986EA00973819 /* InfoPlist.strings */ = {
			isa = PBXVariantGroup;
			children = (
				FFCA5002180986EA00973819 /* en */,
			);
			name = InfoPlist.strings;
			sourceTree = "<group>";
		};
		FFCA5007180986EA00973819 /* Credits.rtf */ = {
			isa = PBXVariantGroup;
			children = (
				FFCA5008180986EA00973819 /* en */,
			);
			name = Credits.rtf;
			sourceTree = "<group>";
		};
		FFCA500C180986EA00973819 /* MainMenu.xib */ = {
			isa = PBXVariantGroup;
			children = (
				FFCA500D180986EA00973819 /* Base */,
			);
			name = MainMenu.xib;
			sourceTree = "<group>";
		};
/* End PBXVariantGroup section */

/* Begin XCBuildConfiguration section */
		FFCA5011180986EA00973819 /* Debug */ = {
			isa = XCBuildConfiguration;
			buildSettings = {
				ALWAYS_SEARCH_USER_PATHS = NO;
				CLANG_CXX_LANGUAGE_STANDARD = "gnu++0x";
				CLANG_CXX_LIBRARY = "libc++";
				CLANG_ENABLE_OBJC_ARC = YES;
				CLANG_WARN_BOOL_CONVERSION = YES;
				CLANG_WARN_CONSTANT_CONVERSION = YES;
				CLANG_WARN_DIRECT_OBJC_ISA_USAGE = YES_ERROR;
				CLANG_WARN_EMPTY_BODY = YES;
				CLANG_WARN_ENUM_CONVERSION = YES;
				CLANG_WARN_INT_CONVERSION = YES;
				CLANG_WARN_OBJC_ROOT_CLASS = YES_ERROR;
				CLANG_WARN__DUPLICATE_METHOD_MATCH = YES;
				COPY_PHASE_STRIP = NO;
				ENABLE_TESTABILITY = YES;
				GCC_C_LANGUAGE_STANDARD = gnu99;
				GCC_DYNAMIC_NO_PIC = NO;
				GCC_ENABLE_OBJC_EXCEPTIONS = YES;
				GCC_OPTIMIZATION_LEVEL = 0;
				GCC_PREPROCESSOR_DEFINITIONS = (
					"DEBUG=1",
					"$(inherited)",
				);
				GCC_SYMBOLS_PRIVATE_EXTERN = NO;
				GCC_WARN_64_TO_32_BIT_CONVERSION = YES;
				GCC_WARN_ABOUT_RETURN_TYPE = YES_ERROR;
				GCC_WARN_UNDECLARED_SELECTOR = YES;
				GCC_WARN_UNINITIALIZED_AUTOS = YES;
				GCC_WARN_UNUSED_FUNCTION = YES;
				GCC_WARN_UNUSED_VARIABLE = YES;
				MACOSX_DEPLOYMENT_TARGET = 10.9;
				ONLY_ACTIVE_ARCH = YES;
				SDKROOT = macosx;
			};
			name = Debug;
		};
		FFCA5012180986EA00973819 /* Release */ = {
			isa = XCBuildConfiguration;
			buildSettings = {
				ALWAYS_SEARCH_USER_PATHS = NO;
				CLANG_CXX_LANGUAGE_STANDARD = "gnu++0x";
				CLANG_CXX_LIBRARY = "libc++";
				CLANG_ENABLE_OBJC_ARC = YES;
				CLANG_WARN_BOOL_CONVERSION = YES;
				CLANG_WARN_CONSTANT_CONVERSION = YES;
				CLANG_WARN_DIRECT_OBJC_ISA_USAGE = YES_ERROR;
				CLANG_WARN_EMPTY_BODY = YES;
				CLANG_WARN_ENUM_CONVERSION = YES;
				CLANG_WARN_INT_CONVERSION = YES;
				CLANG_WARN_OBJC_ROOT_CLASS = YES_ERROR;
				CLANG_WARN__DUPLICATE_METHOD_MATCH = YES;
				COPY_PHASE_STRIP = YES;
				DEBUG_INFORMATION_FORMAT = "dwarf-with-dsym";
				ENABLE_NS_ASSERTIONS = NO;
				GCC_C_LANGUAGE_STANDARD = gnu99;
				GCC_ENABLE_OBJC_EXCEPTIONS = YES;
				GCC_WARN_64_TO_32_BIT_CONVERSION = YES;
				GCC_WARN_ABOUT_RETURN_TYPE = YES_ERROR;
				GCC_WARN_UNDECLARED_SELECTOR = YES;
				GCC_WARN_UNINITIALIZED_AUTOS = YES;
				GCC_WARN_UNUSED_FUNCTION = YES;
				GCC_WARN_UNUSED_VARIABLE = YES;
				MACOSX_DEPLOYMENT_TARGET = 10.9;
				SDKROOT = macosx;
			};
			name = Release;
		};
		FFCA5014180986EA00973819 /* Debug */ = {
			isa = XCBuildConfiguration;
			buildSettings = {
				ASSETCATALOG_COMPILER_APPICON_NAME = AppIcon;
				CODE_SIGN_IDENTITY = "Developer ID Application";
				"CODE_SIGN_IDENTITY[sdk=macosx*]" = "Mac Developer";
				COMBINE_HIDPI_IMAGES = YES;
				FRAMEWORK_SEARCH_PATHS = (
					"$(inherited)",
					"/Volumes/Data\\ HD/Dropbox/Development/Projects/SUS\\ Config",
					"/Volumes/Data\\ HD/Dropbox/Inbox/Sparkle\\ 1.5b6",
				);
				GCC_PRECOMPILE_PREFIX_HEADER = YES;
				GCC_PREFIX_HEADER = "SUS Config/SUS Config-Prefix.pch";
				INFOPLIST_FILE = "SUS Config/SUS Config-Info.plist";
				MACOSX_DEPLOYMENT_TARGET = 10.8;
				PRODUCT_BUNDLE_IDENTIFIER = "com.verschoren.${PRODUCT_NAME:rfc1034identifier}";
				PRODUCT_NAME = "$(TARGET_NAME)";
				PROVISIONING_PROFILE = "9E5648B6-37AF-4B19-95C0-4E13F8180A52";
				WRAPPER_EXTENSION = app;
			};
			name = Debug;
		};
		FFCA5015180986EA00973819 /* Release */ = {
			isa = XCBuildConfiguration;
			buildSettings = {
				ASSETCATALOG_COMPILER_APPICON_NAME = AppIcon;
				CODE_SIGN_IDENTITY = "Developer ID Application";
				"CODE_SIGN_IDENTITY[sdk=macosx*]" = "Mac Developer";
				COMBINE_HIDPI_IMAGES = YES;
				FRAMEWORK_SEARCH_PATHS = (
					"$(inherited)",
					"/Volumes/Data\\ HD/Dropbox/Development/Projects/SUS\\ Config",
					"/Volumes/Data\\ HD/Dropbox/Inbox/Sparkle\\ 1.5b6",
				);
				GCC_PRECOMPILE_PREFIX_HEADER = YES;
				GCC_PREFIX_HEADER = "SUS Config/SUS Config-Prefix.pch";
				INFOPLIST_FILE = "SUS Config/SUS Config-Info.plist";
				MACOSX_DEPLOYMENT_TARGET = 10.8;
				PRODUCT_BUNDLE_IDENTIFIER = "com.verschoren.${PRODUCT_NAME:rfc1034identifier}";
				PRODUCT_NAME = "$(TARGET_NAME)";
				PROVISIONING_PROFILE = "9E5648B6-37AF-4B19-95C0-4E13F8180A52";
				WRAPPER_EXTENSION = app;
			};
			name = Release;
		};
/* End XCBuildConfiguration section */

/* Begin XCConfigurationList section */
		FFCA4FEE180986EA00973819 /* Build configuration list for PBXProject "SUS Config" */ = {
			isa = XCConfigurationList;
			buildConfigurations = (
				FFCA5011180986EA00973819 /* Debug */,
				FFCA5012180986EA00973819 /* Release */,
			);
			defaultConfigurationIsVisible = 0;
			defaultConfigurationName = Release;
		};
		FFCA5013180986EA00973819 /* Build configuration list for PBXNativeTarget "SUS Config" */ = {
			isa = XCConfigurationList;
			buildConfigurations = (
				FFCA5014180986EA00973819 /* Debug */,
				FFCA5015180986EA00973819 /* Release */,
			);
			defaultConfigurationIsVisible = 0;
			defaultConfigurationName = Release;
		};
/* End XCConfigurationList section */
	};
	rootObject = FFCA4FEB180986EA00973819 /* Project object */;
}
